<?xml version="1.0" encoding="utf-8"?>
<Project ToolsVersion="4.0" xmlns="http://schemas.microsoft.com/developer/msbuild/2003">
  <ItemGroup>
    <Filter Include="Source Files">
      <UniqueIdentifier>{13d16cea-2c2d-4894-995e-a8a6467bc6fa}</UniqueIdentifier>
      <Extensions>cpp;c;cxx;rc;def;r;odl;idl;hpj;bat</Extensions>
    </Filter>
    <Filter Include="Header Files">
      <UniqueIdentifier>{85f5cb01-628f-430a-84a6-2889a31a1570}</UniqueIdentifier>
      <Extensions>h;hpp;hxx;hm;inl</Extensions>
    </Filter>
    <Filter Include="Resource Files">
      <UniqueIdentifier>{da511fbf-9537-488f-841a-68a1cbdd0b4e}</UniqueIdentifier>
      <Extensions>ico;cur;bmp;dlg;rc2;rct;bin;rgs;gif;jpg;jpeg;jpe</Extensions>
    </Filter>
    <Filter Include="customctrl">
      <UniqueIdentifier>{d615a2f5-babc-44a3-8521-c31b1163f421}</UniqueIdentifier>
    </Filter>
    <Filter Include="HTML Help Topics">
      <UniqueIdentifier>{e8141500-78d8-4be4-9dba-669c2b5bf487}</UniqueIdentifier>
    </Filter>
    <Filter Include="HTML Help Topics\images">
      <UniqueIdentifier>{865661c7-1183-47d8-94eb-e3b7b90aa7f8}</UniqueIdentifier>
    </Filter>
    <Filter Include="Excel Header Files">
      <UniqueIdentifier>{3f1e32d8-5bad-4d1b-b49a-503539d49ad4}</UniqueIdentifier>
    </Filter>
  </ItemGroup>
  <ItemGroup>
    <ClCompile Include="GridCtrl\GridCell.cpp">
      <Filter>customctrl</Filter>
    </ClCompile>
    <ClCompile Include="GridCtrl\GridCellBase.cpp">
      <Filter>customctrl</Filter>
    </ClCompile>
    <ClCompile Include="GridCtrl\GridCellCheck.cpp">
      <Filter>customctrl</Filter>
    </ClCompile>
    <ClCompile Include="GridCtrl\GridCellDateTime.cpp">
      <Filter>customctrl</Filter>
    </ClCompile>
    <ClCompile Include="GridCtrl\GridCellNumeric.cpp">
      <Filter>customctrl</Filter>
    </ClCompile>
    <ClCompile Include="GridCtrl\GridCtrl.cpp">
      <Filter>customctrl</Filter>
    </ClCompile>
    <ClCompile Include="GridCtrl\GridDropTarget.cpp">
      <Filter>customctrl</Filter>
    </ClCompile>
    <ClCompile Include="GridCtrl\GridInPlaceEdit.cpp">
      <Filter>customctrl</Filter>
    </ClCompile>
    <ClCompile Include="GridCtrl\GridTitleTip.cpp">
      <Filter>customctrl</Filter>
    </ClCompile>
    <ClCompile Include="GridCtrl\GridURLCell.cpp">
      <Filter>customctrl</Filter>
    </ClCompile>
    <ClCompile Include="GridCtrl\GridCellCombo_FMP.cpp">
      <Filter>customctrl</Filter>
    </ClCompile>
    <ClCompile Include="Acqdatad.cpp">
      <Filter>Source Files</Filter>
    </ClCompile>
    <ClCompile Include="Acqparam.cpp">
      <Filter>Source Files</Filter>
    </ClCompile>
    <ClCompile Include="Adexperi.cpp">
      <Filter>Source Files</Filter>
    </ClCompile>
    <ClCompile Include="ADInputParmsDlg.cpp">
      <Filter>Source Files</Filter>
    </ClCompile>
    <ClCompile Include="Adinterv.cpp">
      <Filter>Source Files</Filter>
    </ClCompile>
    <ClCompile Include="Awavepar.cpp">
      <Filter>Source Files</Filter>
    </ClCompile>
    <ClCompile Include="Browsefi.cpp">
      <Filter>Source Files</Filter>
    </ClCompile>
    <ClCompile Include="chanlistitem.cpp">
      <Filter>Source Files</Filter>
    </ClCompile>
    <ClCompile Include="ChildFrm.cpp">
      <Filter>Source Files</Filter>
    </ClCompile>
    <ClCompile Include="ConfirmSaveDlg.cpp">
      <Filter>Source Files</Filter>
    </ClCompile>
    <ClCompile Include="Copyasdl.cpp">
      <Filter>Source Files</Filter>
    </ClCompile>
    <ClCompile Include="Cscale.cpp">
      <Filter>Source Files</Filter>
    </ClCompile>
    <ClCompile Include="CyberAmp.cpp">
      <Filter>Source Files</Filter>
    </ClCompile>
    <ClCompile Include="DAChannelsDlg.cpp">
      <Filter>Source Files</Filter>
    </ClCompile>
    <ClCompile Include="Datacomm.cpp">
      <Filter>Source Files</Filter>
    </ClCompile>
    <ClCompile Include="datafile_ASD.cpp">
      <Filter>Source Files</Filter>
    </ClCompile>
    <ClCompile Include="datafile_Atlab.cpp">
      <Filter>Source Files</Filter>
    </ClCompile>
    <ClCompile Include="datafile_Awave.cpp">
      <Filter>Source Files</Filter>
    </ClCompile>
    <ClCompile Include="datafile_mcid.cpp">
      <Filter>Source Files</Filter>
    </ClCompile>
    <ClCompile Include="datafile_X.cpp">
      <Filter>Source Files</Filter>
    </ClCompile>
    <ClCompile Include="DataListCtrl.cpp">
      <Filter>Source Files</Filter>
    </ClCompile>
    <ClCompile Include="DataListCtrlRowObject.cpp">
      <Filter>Source Files</Filter>
    </ClCompile>
    <ClCompile Include="Dataseri.cpp">
      <Filter>Source Files</Filter>
    </ClCompile>
    <ClCompile Include="dbEditRecordDlg.cpp">
      <Filter>Source Files</Filter>
    </ClCompile>
    <ClCompile Include="dbMultiDocTemplate.cpp">
      <Filter>Source Files</Filter>
    </ClCompile>
    <ClCompile Include="dbNewFileDuplicateDlg.cpp">
      <Filter>Source Files</Filter>
    </ClCompile>
    <ClCompile Include="dbWave.cpp">
      <Filter>Source Files</Filter>
    </ClCompile>
    <ClCompile Include="Printdra.cpp">
      <Filter>Source Files</Filter>
    </ClCompile>
    <ClCompile Include="dbWaveDoc.cpp">
      <Filter>Source Files</Filter>
    </ClCompile>
    <ClCompile Include="DeleteRecordOptionsDlg.cpp">
      <Filter>Source Files</Filter>
    </ClCompile>
    <ClCompile Include="dtacq32.cpp">
      <Filter>Source Files</Filter>
    </ClCompile>
    <ClCompile Include="dtplot32.cpp">
      <Filter>Source Files</Filter>
    </ClCompile>
    <ClCompile Include="Editctrl.cpp">
      <Filter>Source Files</Filter>
    </ClCompile>
    <ClCompile Include="EditListDlg.cpp">
      <Filter>Source Files</Filter>
    </ClCompile>
    <ClCompile Include="Editspik.cpp">
      <Filter>Source Files</Filter>
    </ClCompile>
    <ClCompile Include="EditSpikeClassDlg.cpp">
      <Filter>Source Files</Filter>
    </ClCompile>
    <ClCompile Include="EditStimArrayDlg.cpp">
      <Filter>Source Files</Filter>
    </ClCompile>
    <ClCompile Include="Envelope.cpp">
      <Filter>Source Files</Filter>
    </ClCompile>
    <ClCompile Include="ExportDataDlg.cpp">
      <Filter>Source Files</Filter>
    </ClCompile>
    <ClCompile Include="Exportsp.cpp">
      <Filter>Source Files</Filter>
    </ClCompile>
    <ClCompile Include="Fileversion.cpp">
      <Filter>Source Files</Filter>
    </ClCompile>
    <ClCompile Include="FindFilesDlg.cpp">
      <Filter>Source Files</Filter>
    </ClCompile>
    <ClCompile Include="FormatHistogram.cpp">
      <Filter>Source Files</Filter>
    </ClCompile>
    <ClCompile Include="GotoRecordDlg.cpp">
      <Filter>Source Files</Filter>
    </ClCompile>
    <ClCompile Include="ImportFilesDlg.cpp">
      <Filter>Source Files</Filter>
    </ClCompile>
    <ClCompile Include="ImportGenericDataDlg.cpp">
      <Filter>Source Files</Filter>
    </ClCompile>
    <ClCompile Include="ImportOptions.cpp">
      <Filter>Source Files</Filter>
    </ClCompile>
    <ClCompile Include="Lineview.cpp">
      <Filter>Source Files</Filter>
    </ClCompile>
    <ClCompile Include="Listbcla.cpp">
      <Filter>Source Files</Filter>
    </ClCompile>
    <ClCompile Include="Lsoption.cpp">
      <Filter>Source Files</Filter>
    </ClCompile>
    <ClCompile Include="MainFrm.cpp">
      <Filter>Source Files</Filter>
    </ClCompile>
    <ClCompile Include="MeasureOptions.cpp">
      <Filter>Source Files</Filter>
    </ClCompile>
    <ClCompile Include="MeasureProperties.cpp">
      <Filter>Source Files</Filter>
    </ClCompile>
    <ClCompile Include="NoteDoc.cpp">
      <Filter>Source Files</Filter>
    </ClCompile>
    <ClCompile Include="NotedocCntrItem.cpp">
      <Filter>Source Files</Filter>
    </ClCompile>
    <ClCompile Include="Printdat.cpp">
      <Filter>Source Files</Filter>
    </ClCompile>
    <ClCompile Include="Printmar.cpp">
      <Filter>Source Files</Filter>
    </ClCompile>
    <ClCompile Include="Printpag.cpp">
      <Filter>Source Files</Filter>
    </ClCompile>
    <ClCompile Include="ProgDlg.cpp">
      <Filter>Source Files</Filter>
    </ClCompile>
    <ClCompile Include="RejectRecordDlg.cpp">
      <Filter>Source Files</Filter>
    </ClCompile>
    <ClCompile Include="RulerBar.cpp">
      <Filter>Source Files</Filter>
    </ClCompile>
    <ClCompile Include="spikexyp.cpp">
      <Filter>Source Files</Filter>
    </ClCompile>
    <ClCompile Include="scopescr.cpp">
      <Filter>Source Files</Filter>
    </ClCompile>
    <ClCompile Include="ScopeScreenPropsDlg.cpp">
      <Filter>Source Files</Filter>
    </ClCompile>
    <ClCompile Include="ScrollBarEx.cpp">
      <Filter>Source Files</Filter>
    </ClCompile>
    <ClCompile Include="Spikebar.cpp">
      <Filter>Source Files</Filter>
    </ClCompile>
    <ClCompile Include="Spikeclas.cpp">
      <Filter>Source Files</Filter>
    </ClCompile>
    <ClCompile Include="SpikeClassListBox.cpp">
      <Filter>Source Files</Filter>
    </ClCompile>
    <ClCompile Include="Spikedetec.cpp">
      <Filter>Source Files</Filter>
    </ClCompile>
    <ClCompile Include="Spikedoc.cpp">
      <Filter>Source Files</Filter>
    </ClCompile>
    <ClCompile Include="Spikehistp.cpp">
      <Filter>Source Files</Filter>
    </ClCompile>
    <ClCompile Include="Spikelist.cpp">
      <Filter>Source Files</Filter>
    </ClCompile>
    <ClCompile Include="spikepar.cpp">
      <Filter>Source Files</Filter>
    </ClCompile>
    <ClCompile Include="spikeshape.cpp">
      <Filter>Source Files</Filter>
    </ClCompile>
    <ClCompile Include="Splash.cpp">
      <Filter>Source Files</Filter>
    </ClCompile>
    <ClCompile Include="StdAfx.cpp">
      <Filter>Source Files</Filter>
    </ClCompile>
    <ClCompile Include="StimLevelArray.cpp">
      <Filter>Source Files</Filter>
    </ClCompile>
    <ClCompile Include="subfileitem.cpp">
      <Filter>Source Files</Filter>
    </ClCompile>
    <ClCompile Include="Taglines.cpp">
      <Filter>Source Files</Filter>
    </ClCompile>
    <ClCompile Include="TemplateListWnd.cpp">
      <Filter>Source Files</Filter>
    </ClCompile>
    <ClCompile Include="TemplateWnd.cpp">
      <Filter>Source Files</Filter>
    </ClCompile>
    <ClCompile Include="Vdabciss.cpp">
      <Filter>Source Files</Filter>
    </ClCompile>
    <ClCompile Include="Vdordina.cpp">
      <Filter>Source Files</Filter>
    </ClCompile>
    <ClCompile Include="Vdseries.cpp">
      <Filter>Source Files</Filter>
    </ClCompile>
    <ClCompile Include="ViewAdcontinuous.cpp">
      <Filter>Source Files</Filter>
    </ClCompile>
    <ClCompile Include="ViewData.cpp">
      <Filter>Source Files</Filter>
    </ClCompile>
    <ClCompile Include="ViewdbWave.cpp">
      <Filter>Source Files</Filter>
    </ClCompile>
    <ClCompile Include="ViewNotedoc.cpp">
      <Filter>Source Files</Filter>
    </ClCompile>
    <ClCompile Include="ViewSpikeDetect.cpp">
      <Filter>Source Files</Filter>
    </ClCompile>
    <ClCompile Include="ViewSpikeHist.cpp">
      <Filter>Source Files</Filter>
    </ClCompile>
    <ClCompile Include="ViewSpikes.cpp">
      <Filter>Source Files</Filter>
    </ClCompile>
    <ClCompile Include="ViewSpikeSort.cpp">
      <Filter>Source Files</Filter>
    </ClCompile>
    <ClCompile Include="ViewSpikeTemplate.cpp">
      <Filter>Source Files</Filter>
    </ClCompile>
    <ClCompile Include="WaveBuf.cpp">
      <Filter>Source Files</Filter>
    </ClCompile>
    <ClCompile Include="Xyparame.cpp">
      <Filter>Source Files</Filter>
    </ClCompile>
    <ClCompile Include="FileNew1.cpp">
      <Filter>Source Files</Filter>
    </ClCompile>
    <ClCompile Include="TransferFilesDlg.cpp">
      <Filter>Source Files</Filter>
    </ClCompile>
    <ClCompile Include="PivotDlg.cpp">
      <Filter>Source Files</Filter>
    </ClCompile>
    <ClCompile Include="Controls\cdxCRot90DC.cpp">
      <Filter>customctrl</Filter>
    </ClCompile>
    <ClCompile Include="Controls\cdxCRotBevelLine.cpp">
      <Filter>customctrl</Filter>
    </ClCompile>
    <ClCompile Include="dbIndexTable.cpp">
      <Filter>Source Files</Filter>
    </ClCompile>
    <ClCompile Include="dbMainTable.cpp">
      <Filter>Source Files</Filter>
    </ClCompile>
    <ClCompile Include="dbWdatabase.cpp">
      <Filter>Source Files</Filter>
    </ClCompile>
    <ClCompile Include="dbEditFieldDlg.cpp">
      <Filter>Source Files</Filter>
    </ClCompile>
    <ClCompile Include="StretchControls.cpp">
      <Filter>Source Files</Filter>
    </ClCompile>
    <ClCompile Include="PanelProperties.cpp">
      <Filter>Source Files</Filter>
    </ClCompile>
    <ClCompile Include="PanelFilter.cpp">
      <Filter>Source Files</Filter>
    </ClCompile>
    <ClCompile Include="QuadStateTree.cpp">
      <Filter>Source Files</Filter>
    </ClCompile>
    <ClCompile Include="DAOutputsParmsDlg.cpp">
      <Filter>Source Files</Filter>
    </ClCompile>
    <ClCompile Include="EditDAMseqDlg.cpp">
      <Filter>Source Files</Filter>
    </ClCompile>
    <ClCompile Include="dtBoardDlg.cpp">
      <Filter>Source Files</Filter>
    </ClCompile>
    <ClCompile Include="CUSBPxxS1Ctl.cpp">
      <Filter>Source Files</Filter>
    </ClCompile>
  </ItemGroup>
  <ItemGroup>
    <ClInclude Include="GridCtrl\GridCellDateTime.h">
      <Filter>Header Files</Filter>
    </ClInclude>
    <ClInclude Include="GridCtrl\GridCellNumeric.h">
      <Filter>Header Files</Filter>
    </ClInclude>
    <ClInclude Include="GridCtrl\GridCtrl.h">
      <Filter>Header Files</Filter>
    </ClInclude>
    <ClInclude Include="GridCtrl\GridDropTarget.h">
      <Filter>Header Files</Filter>
    </ClInclude>
    <ClInclude Include="GridCtrl\GridInPlaceEdit.h">
      <Filter>Header Files</Filter>
    </ClInclude>
    <ClInclude Include="GridCtrl\GridTitleTip.h">
      <Filter>Header Files</Filter>
    </ClInclude>
    <ClInclude Include="GridCtrl\GridURLCell.h">
      <Filter>Header Files</Filter>
    </ClInclude>
    <ClInclude Include="GridCtrl\GridCell.h">
      <Filter>customctrl</Filter>
    </ClInclude>
    <ClInclude Include="GridCtrl\GridCellBase.h">
      <Filter>customctrl</Filter>
    </ClInclude>
    <ClInclude Include="GridCtrl\GridCellCheck.h">
      <Filter>customctrl</Filter>
    </ClInclude>
    <ClInclude Include="GridCtrl\GridCellRange.h">
      <Filter>customctrl</Filter>
    </ClInclude>
    <ClInclude Include="GridCtrl\GridCellCombo_FMP.h">
      <Filter>customctrl</Filter>
    </ClInclude>
    <ClInclude Include="Acqdatad.h">
      <Filter>Header Files</Filter>
    </ClInclude>
    <ClInclude Include="Acqparam.h">
      <Filter>Header Files</Filter>
    </ClInclude>
    <ClInclude Include="Adexperi.h">
      <Filter>Header Files</Filter>
    </ClInclude>
    <ClInclude Include="ADInputParmsDlg.h">
      <Filter>Header Files</Filter>
    </ClInclude>
    <ClInclude Include="Awavepar.h">
      <Filter>Header Files</Filter>
    </ClInclude>
    <ClInclude Include="Browsefi.h">
      <Filter>Header Files</Filter>
    </ClInclude>
    <ClInclude Include="CApplication.h">
      <Filter>Header Files</Filter>
    </ClInclude>
    <ClInclude Include="chanlistitem.h">
      <Filter>Header Files</Filter>
    </ClInclude>
    <ClInclude Include="ChildFrm.h">
      <Filter>Header Files</Filter>
    </ClInclude>
    <ClInclude Include="ConfirmSaveDlg.h">
      <Filter>Header Files</Filter>
    </ClInclude>
    <ClInclude Include="Copyasdl.h">
      <Filter>Header Files</Filter>
    </ClInclude>
    <ClInclude Include="Cscale.h">
      <Filter>Header Files</Filter>
    </ClInclude>
    <ClInclude Include="CyberAmp.h">
      <Filter>Header Files</Filter>
    </ClInclude>
    <ClInclude Include="DAChannelsDlg.h">
      <Filter>Header Files</Filter>
    </ClInclude>
    <ClInclude Include="Datacomm.h">
      <Filter>Header Files</Filter>
    </ClInclude>
    <ClInclude Include="datafile_ASD.h">
      <Filter>Header Files</Filter>
    </ClInclude>
    <ClInclude Include="datafile_Atlab.h">
      <Filter>Header Files</Filter>
    </ClInclude>
    <ClInclude Include="datafile_Awave.h">
      <Filter>Header Files</Filter>
    </ClInclude>
    <ClInclude Include="datafile_mcid.h">
      <Filter>Header Files</Filter>
    </ClInclude>
    <ClInclude Include="datafile_X.h">
      <Filter>Header Files</Filter>
    </ClInclude>
    <ClInclude Include="dataheader_Asyst.H">
      <Filter>Header Files</Filter>
    </ClInclude>
    <ClInclude Include="dataheader_Atlab.H">
      <Filter>Header Files</Filter>
    </ClInclude>
    <ClInclude Include="DataListCtrl.h">
      <Filter>Header Files</Filter>
    </ClInclude>
    <ClInclude Include="DataListCtrlRowObject.h">
      <Filter>Header Files</Filter>
    </ClInclude>
    <ClInclude Include="Dataseri.h">
      <Filter>Header Files</Filter>
    </ClInclude>
    <ClInclude Include="dbEditRecordDlg.h">
      <Filter>Header Files</Filter>
    </ClInclude>
    <ClInclude Include="dbMultiDocTemplate.h">
      <Filter>Header Files</Filter>
    </ClInclude>
    <ClInclude Include="dbNewFileDuplicateDlg.h">
      <Filter>Header Files</Filter>
    </ClInclude>
    <ClInclude Include="dbWave.h">
      <Filter>Header Files</Filter>
    </ClInclude>
    <ClInclude Include="dbWave_constants.h">
      <Filter>Header Files</Filter>
    </ClInclude>
    <ClInclude Include="dbWaveDoc.h">
      <Filter>Header Files</Filter>
    </ClInclude>
    <ClInclude Include="DeleteRecordOptionsDlg.h">
      <Filter>Header Files</Filter>
    </ClInclude>
    <ClInclude Include="dtacq32.h">
      <Filter>Header Files</Filter>
    </ClInclude>
    <ClInclude Include="dtplot32.h">
      <Filter>Header Files</Filter>
    </ClInclude>
    <ClInclude Include="Editctrl.h">
      <Filter>Header Files</Filter>
    </ClInclude>
    <ClInclude Include="EditListDlg.h">
      <Filter>Header Files</Filter>
    </ClInclude>
    <ClInclude Include="Editspik.h">
      <Filter>Header Files</Filter>
    </ClInclude>
    <ClInclude Include="EditSpikeClassDlg.h">
      <Filter>Header Files</Filter>
    </ClInclude>
    <ClInclude Include="EditStimArrayDlg.h">
      <Filter>Header Files</Filter>
    </ClInclude>
    <ClInclude Include="Envelope.h">
      <Filter>Header Files</Filter>
    </ClInclude>
    <ClInclude Include="ExportDataDlg.h">
      <Filter>Header Files</Filter>
    </ClInclude>
    <ClInclude Include="Exportsp.h">
      <Filter>Header Files</Filter>
    </ClInclude>
    <ClInclude Include="Fileversion.h">
      <Filter>Header Files</Filter>
    </ClInclude>
    <ClInclude Include="FindFilesDlg.h">
      <Filter>Header Files</Filter>
    </ClInclude>
    <ClInclude Include="FormatHistogram.h">
      <Filter>Header Files</Filter>
    </ClInclude>
    <ClInclude Include="GotoRecordDlg.h">
      <Filter>Header Files</Filter>
    </ClInclude>
    <ClInclude Include="ImportExcelDefinitions.h">
      <Filter>Header Files</Filter>
    </ClInclude>
    <ClInclude Include="ImportFilesDlg.h">
      <Filter>Header Files</Filter>
    </ClInclude>
    <ClInclude Include="importgenericdatadlg.h">
      <Filter>Header Files</Filter>
    </ClInclude>
    <ClInclude Include="ImportOptions.h">
      <Filter>Header Files</Filter>
    </ClInclude>
    <ClInclude Include="Lineview.h">
      <Filter>Header Files</Filter>
    </ClInclude>
    <ClInclude Include="Listbcla.h">
      <Filter>Header Files</Filter>
    </ClInclude>
    <ClInclude Include="Lsoption.h">
      <Filter>Header Files</Filter>
    </ClInclude>
    <ClInclude Include="MainFrm.h">
      <Filter>Header Files</Filter>
    </ClInclude>
    <ClInclude Include="measureoptions.h">
      <Filter>Header Files</Filter>
    </ClInclude>
    <ClInclude Include="MeasureProperties.h">
      <Filter>Header Files</Filter>
    </ClInclude>
    <ClInclude Include="NoteDoc.h">
      <Filter>Header Files</Filter>
    </ClInclude>
    <ClInclude Include="NotedocCntrItem.h">
      <Filter>Header Files</Filter>
    </ClInclude>
    <ClInclude Include="Printdat.h">
      <Filter>Header Files</Filter>
    </ClInclude>
    <ClInclude Include="Printdra.h">
      <Filter>Header Files</Filter>
    </ClInclude>
    <ClInclude Include="ProgDlg.h">
      <Filter>Header Files</Filter>
    </ClInclude>
    <ClInclude Include="Printmar.h">
      <Filter>Header Files</Filter>
    </ClInclude>
    <ClInclude Include="Printpag.h">
      <Filter>Header Files</Filter>
    </ClInclude>
    <ClInclude Include="RejectRecordDlg.h">
      <Filter>Header Files</Filter>
    </ClInclude>
    <ClInclude Include="RulerBar.h">
      <Filter>Header Files</Filter>
    </ClInclude>
    <ClInclude Include="scopescr.h">
      <Filter>Header Files</Filter>
    </ClInclude>
    <ClInclude Include="ScopeScreenPropsDlg.h">
      <Filter>Header Files</Filter>
    </ClInclude>
    <ClInclude Include="ScrollBarEx.h">
      <Filter>Header Files</Filter>
    </ClInclude>
    <ClInclude Include="Spikebar.h">
      <Filter>Header Files</Filter>
    </ClInclude>
    <ClInclude Include="Spikeclas.h">
      <Filter>Header Files</Filter>
    </ClInclude>
    <ClInclude Include="SpikeClassListBox.h">
      <Filter>Header Files</Filter>
    </ClInclude>
    <ClInclude Include="Spikedetec.h">
      <Filter>Header Files</Filter>
    </ClInclude>
    <ClInclude Include="Spikedoc.h">
      <Filter>Header Files</Filter>
    </ClInclude>
    <ClInclude Include="spikehistp.h">
      <Filter>Header Files</Filter>
    </ClInclude>
    <ClInclude Include="Spikelist.h">
      <Filter>Header Files</Filter>
    </ClInclude>
    <ClInclude Include="spikepar.h">
      <Filter>Header Files</Filter>
    </ClInclude>
    <ClInclude Include="spikeshape.h">
      <Filter>Header Files</Filter>
    </ClInclude>
    <ClInclude Include="Xyparame.h">
      <Filter>Header Files</Filter>
    </ClInclude>
    <ClInclude Include="spikexyp.h">
      <Filter>Header Files</Filter>
    </ClInclude>
    <ClInclude Include="Splash.h">
      <Filter>Header Files</Filter>
    </ClInclude>
    <ClInclude Include="StdAfx.h">
      <Filter>Header Files</Filter>
    </ClInclude>
    <ClInclude Include="StimLevelArray.h">
      <Filter>Header Files</Filter>
    </ClInclude>
    <ClInclude Include="subfileitem.h">
      <Filter>Header Files</Filter>
    </ClInclude>
    <ClInclude Include="Taglines.h">
      <Filter>Header Files</Filter>
    </ClInclude>
    <ClInclude Include="targetver.h">
      <Filter>Header Files</Filter>
    </ClInclude>
    <ClInclude Include="TemplateListWnd.h">
      <Filter>Header Files</Filter>
    </ClInclude>
    <ClInclude Include="TemplateWnd.h">
      <Filter>Header Files</Filter>
    </ClInclude>
    <ClInclude Include="Vdabciss.h">
      <Filter>Header Files</Filter>
    </ClInclude>
    <ClInclude Include="Vdordina.h">
      <Filter>Header Files</Filter>
    </ClInclude>
    <ClInclude Include="Vdseries.h">
      <Filter>Header Files</Filter>
    </ClInclude>
    <ClInclude Include="ViewADcontinuous.h">
      <Filter>Header Files</Filter>
    </ClInclude>
    <ClInclude Include="ViewData.h">
      <Filter>Header Files</Filter>
    </ClInclude>
    <ClInclude Include="ViewdbWave.h">
      <Filter>Header Files</Filter>
    </ClInclude>
    <ClInclude Include="ViewNotedoc.h">
      <Filter>Header Files</Filter>
    </ClInclude>
    <ClInclude Include="ViewSpikeDetect.h">
      <Filter>Header Files</Filter>
    </ClInclude>
    <ClInclude Include="ViewSpikeHist.h">
      <Filter>Header Files</Filter>
    </ClInclude>
    <ClInclude Include="ViewSpikes.h">
      <Filter>Header Files</Filter>
    </ClInclude>
    <ClInclude Include="ViewSpikeSort.h">
      <Filter>Header Files</Filter>
    </ClInclude>
    <ClInclude Include="ViewSpikeTemplate.h">
      <Filter>Header Files</Filter>
    </ClInclude>
    <ClInclude Include="WaveBuf.h">
      <Filter>Header Files</Filter>
    </ClInclude>
    <ClInclude Include="Adinterv.h">
      <Filter>Header Files</Filter>
    </ClInclude>
    <ClInclude Include="FileNew1.h">
      <Filter>Header Files</Filter>
    </ClInclude>
    <ClInclude Include="TransferFilesDlg.h">
      <Filter>Header Files</Filter>
    </ClInclude>
    <ClInclude Include="PivotDlg.h">
      <Filter>Header Files</Filter>
    </ClInclude>
    <ClInclude Include="dbIndexTable.h">
      <Filter>Header Files</Filter>
    </ClInclude>
    <ClInclude Include="dbMainTable.h">
      <Filter>Header Files</Filter>
    </ClInclude>
    <ClInclude Include="dbWdatabase.h">
      <Filter>Header Files</Filter>
    </ClInclude>
    <ClInclude Include="dbEditFieldDlg.h">
      <Filter>Header Files</Filter>
    </ClInclude>
    <ClInclude Include="CPivotCache.h">
      <Filter>Excel Header Files</Filter>
    </ClInclude>
    <ClInclude Include="CPivotCaches.h">
      <Filter>Excel Header Files</Filter>
    </ClInclude>
    <ClInclude Include="CPivotCell.h">
      <Filter>Excel Header Files</Filter>
    </ClInclude>
    <ClInclude Include="CPivotField.h">
      <Filter>Excel Header Files</Filter>
    </ClInclude>
    <ClInclude Include="CPivotFields.h">
      <Filter>Excel Header Files</Filter>
    </ClInclude>
    <ClInclude Include="CPivotFilter.h">
      <Filter>Excel Header Files</Filter>
    </ClInclude>
    <ClInclude Include="CPivotFilters.h">
      <Filter>Excel Header Files</Filter>
    </ClInclude>
    <ClInclude Include="CPivotFormula.h">
      <Filter>Excel Header Files</Filter>
    </ClInclude>
    <ClInclude Include="CPivotFormulas.h">
      <Filter>Excel Header Files</Filter>
    </ClInclude>
    <ClInclude Include="CPivotItem.h">
      <Filter>Excel Header Files</Filter>
    </ClInclude>
    <ClInclude Include="CPivotItemList.h">
      <Filter>Excel Header Files</Filter>
    </ClInclude>
    <ClInclude Include="CPivotItems.h">
      <Filter>Excel Header Files</Filter>
    </ClInclude>
    <ClInclude Include="CPivotLayout.h">
      <Filter>Excel Header Files</Filter>
    </ClInclude>
    <ClInclude Include="CPivotTable.h">
      <Filter>Excel Header Files</Filter>
    </ClInclude>
    <ClInclude Include="CPivotTableChangeList.h">
      <Filter>Excel Header Files</Filter>
    </ClInclude>
    <ClInclude Include="CPivotTables.h">
      <Filter>Excel Header Files</Filter>
    </ClInclude>
    <ClInclude Include="CRange.h">
      <Filter>Excel Header Files</Filter>
    </ClInclude>
    <ClInclude Include="CRanges.h">
      <Filter>Excel Header Files</Filter>
    </ClInclude>
    <ClInclude Include="CWorkbook.h">
      <Filter>Excel Header Files</Filter>
    </ClInclude>
    <ClInclude Include="CWorkbooks.h">
      <Filter>Excel Header Files</Filter>
    </ClInclude>
    <ClInclude Include="CWorksheet.h">
      <Filter>Excel Header Files</Filter>
    </ClInclude>
    <ClInclude Include="CWorksheetFunction.h">
      <Filter>Excel Header Files</Filter>
    </ClInclude>
    <ClInclude Include="CWorksheets.h">
      <Filter>Excel Header Files</Filter>
    </ClInclude>
    <ClInclude Include="PropertiesWnd.h">
      <Filter>Header Files</Filter>
    </ClInclude>
    <ClInclude Include="StretchControls.h">
      <Filter>Header Files</Filter>
    </ClInclude>
    <ClInclude Include="PanelProperties.h">
      <Filter>Header Files</Filter>
    </ClInclude>
    <ClInclude Include="PanelFilter.h">
      <Filter>Header Files</Filter>
    </ClInclude>
    <ClInclude Include="QuadStateTree.h">
      <Filter>Header Files</Filter>
    </ClInclude>
    <ClInclude Include="DTx-EZ\Include\OLTYPES.H">
      <Filter>Header Files</Filter>
    </ClInclude>
    <ClInclude Include="DTx-EZ\Include\Olmem.h">
      <Filter>Header Files</Filter>
    </ClInclude>
    <ClInclude Include="DTx-EZ\Include\OLERRORS.H">
      <Filter>Header Files</Filter>
    </ClInclude>
    <ClInclude Include="DAOutputsParmsDlg.h">
      <Filter>Header Files</Filter>
    </ClInclude>
    <ClInclude Include="EditDAMseqDlg.h">
      <Filter>Header Files</Filter>
    </ClInclude>
    <ClInclude Include="dtBoardDlg.h">
      <Filter>Header Files</Filter>
    </ClInclude>
    <ClInclude Include="ImportAlligatorDefinitions.h">
      <Filter>Header Files</Filter>
    </ClInclude>
    <ClInclude Include="CUSBPxxS1Ctl.h">
      <Filter>Header Files</Filter>
    </ClInclude>
  </ItemGroup>
  <ItemGroup>
    <None Include="res\bias.ico">
      <Filter>Resource Files</Filter>
    </None>
    <None Include="res\CMEASURE.CUR">
      <Filter>Resource Files</Filter>
    </None>
    <None Include="res\cur00001.cur">
      <Filter>Resource Files</Filter>
    </None>
    <None Include="res\cursor1.cur">
      <Filter>Resource Files</Filter>
    </None>
    <None Include="res\CZOOM.CUR">
      <Filter>Resource Files</Filter>
    </None>
    <None Include="res\dbWave.ico">
      <Filter>Resource Files</Filter>
    </None>
    <None Include="res\dbWave.rc2">
      <Filter>Resource Files</Filter>
    </None>
    <None Include="res\dbWaveDoc.ico">
      <Filter>Resource Files</Filter>
    </None>
    <None Include="res\fruit_fly.bmp">
      <Filter>Resource Files</Filter>
    </None>
    <None Include="res\icon3.ico">
      <Filter>Resource Files</Filter>
    </None>
    <None Include="res\IDR_DATA.ICO">
      <Filter>Resource Files</Filter>
    </None>
    <None Include="res\IDR_SPIK.ICO">
      <Filter>Resource Files</Filter>
    </None>
    <None Include="res\projectt.bmp">
      <Filter>Resource Files</Filter>
    </None>
    <None Include="res\spikesty.bmp">
      <Filter>Resource Files</Filter>
    </None>
    <None Include="res\splith.cur">
      <Filter>Resource Files</Filter>
    </None>
    <None Include="res\splitv.cur">
      <Filter>Resource Files</Filter>
    </None>
    <None Include="res\stimOFF.bmp">
      <Filter>Resource Files</Filter>
    </None>
    <None Include="res\stimON.bmp">
      <Filter>Resource Files</Filter>
    </None>
    <None Include="res\tabcontr.bmp">
      <Filter>Resource Files</Filter>
    </None>
    <None Include="res\Toolbar.bmp">
      <Filter>Resource Files</Filter>
    </None>
    <None Include="res\zoom.ico">
      <Filter>Resource Files</Filter>
    </None>
    <None Include="res\tabcontrol.bmp">
      <Filter>Resource Files</Filter>
    </None>
    <None Include="res\tabcontrol_dim.bmp">
      <Filter>Resource Files</Filter>
    </None>
    <None Include="res\ydown.bmp">
      <Filter>Resource Files</Filter>
    </None>
    <None Include="res\prev.bmp">
      <Filter>Resource Files</Filter>
    </None>
    <None Include="res\next.bmp">
      <Filter>Resource Files</Filter>
    </None>
    <None Include="res\zoomin.bmp">
      <Filter>Resource Files</Filter>
    </None>
    <None Include="res\zoomout.bmp">
      <Filter>Resource Files</Filter>
    </None>
    <None Include="res\stop.bmp">
      <Filter>Resource Files</Filter>
    </None>
    <None Include="res\start.bmp">
      <Filter>Resource Files</Filter>
    </None>
    <None Include="res\check.bmp">
      <Filter>Resource Files</Filter>
    </None>
    <None Include="res\check32.bmp">
      <Filter>Resource Files</Filter>
    </None>
    <None Include="res\checkno.bmp">
      <Filter>Resource Files</Filter>
    </None>
    <None Include="res\checkno32.bmp">
      <Filter>Resource Files</Filter>
    </None>
    <None Include="res\start.ico">
      <Filter>Resource Files</Filter>
    </None>
    <None Include="res\stop.ico">
      <Filter>Resource Files</Filter>
    </None>
    <None Include="res\Toolbar_main.bmp">
      <Filter>Resource Files</Filter>
    </None>
    <None Include="res\toolbar_proj.bmp">
      <Filter>Resource Files</Filter>
    </None>
    <None Include="res\toolbar_dat.bmp">
      <Filter>Resource Files</Filter>
    </None>
    <None Include="res\toolbar_spk.bmp">
      <Filter>Resource Files</Filter>
    </None>
    <None Include="res\image28.bmp">
      <Filter>Resource Files</Filter>
    </None>
    <None Include="res\image028.bmp">
      <Filter>Resource Files</Filter>
    </None>
    <None Include="res\image028b.bmp">
      <Filter>Resource Files</Filter>
    </None>
    <None Include="res\image028c.bmp">
      <Filter>Resource Files</Filter>
    </None>
    <None Include="res\dbwave_07dec2012.bmp">
      <Filter>Resource Files</Filter>
    </None>
    <None Include="ReadMe.txt" />
    <None Include="Help\Images\Bullet.gif">
      <Filter>Resource Files</Filter>
    </None>
    <None Include="Help\afx_hidd_color.htm">
      <Filter>HTML Help Topics</Filter>
    </None>
    <None Include="Help\afx_hidd_fileopen.htm">
      <Filter>HTML Help Topics</Filter>
    </None>
    <None Include="Help\afx_hidd_filesave.htm">
      <Filter>HTML Help Topics</Filter>
    </None>
    <None Include="Help\afx_hidd_find.htm">
      <Filter>HTML Help Topics</Filter>
    </None>
    <None Include="Help\afx_hidd_font.htm">
      <Filter>HTML Help Topics</Filter>
    </None>
    <None Include="Help\afx_hidd_replace.htm">
      <Filter>HTML Help Topics</Filter>
    </None>
    <None Include="Help\afx_hidp_default.htm">
      <Filter>HTML Help Topics</Filter>
    </None>
    <None Include="Help\afx_hidw_dockbar_top.htm">
      <Filter>HTML Help Topics</Filter>
    </None>
    <None Include="Help\afx_hidw_status_bar.htm">
      <Filter>HTML Help Topics</Filter>
    </None>
    <None Include="Help\afx_hidw_toolbar.htm">
      <Filter>HTML Help Topics</Filter>
    </None>
    <None Include="Help\hid_app_about.htm">
      <Filter>HTML Help Topics</Filter>
    </None>
    <None Include="Help\hid_app_exit.htm">
      <Filter>HTML Help Topics</Filter>
    </None>
    <None Include="Help\hid_context_help.htm">
      <Filter>HTML Help Topics</Filter>
    </None>
    <None Include="Help\hid_edit_copy.htm">
      <Filter>HTML Help Topics</Filter>
    </None>
    <None Include="Help\hid_edit_paste.htm">
      <Filter>HTML Help Topics</Filter>
    </None>
    <None Include="Help\hid_edit_replace.htm">
      <Filter>HTML Help Topics</Filter>
    </None>
    <None Include="Help\hid_file_close.htm">
      <Filter>HTML Help Topics</Filter>
    </None>
    <None Include="Help\hid_file_mru_file1.htm">
      <Filter>HTML Help Topics</Filter>
    </None>
    <None Include="Help\hid_file_new.htm">
      <Filter>HTML Help Topics</Filter>
    </None>
    <None Include="Help\hid_file_open.htm">
      <Filter>HTML Help Topics</Filter>
    </None>
    <None Include="Help\hid_file_save.htm">
      <Filter>HTML Help Topics</Filter>
    </None>
    <None Include="Help\hid_file_save_as.htm">
      <Filter>HTML Help Topics</Filter>
    </None>
    <None Include="Help\hid_help_index.htm">
      <Filter>HTML Help Topics</Filter>
    </None>
    <None Include="Help\hid_help_using.htm">
      <Filter>HTML Help Topics</Filter>
    </None>
    <None Include="Help\hid_ht_caption.htm">
      <Filter>HTML Help Topics</Filter>
    </None>
    <None Include="Help\hid_ht_nowhere.htm">
      <Filter>HTML Help Topics</Filter>
    </None>
    <None Include="Help\hid_next_pane.htm">
      <Filter>HTML Help Topics</Filter>
    </None>
    <None Include="Help\hid_prev_pane.htm">
      <Filter>HTML Help Topics</Filter>
    </None>
    <None Include="Help\hid_sc_close.htm">
      <Filter>HTML Help Topics</Filter>
    </None>
    <None Include="Help\hid_sc_maximize.htm">
      <Filter>HTML Help Topics</Filter>
    </None>
    <None Include="Help\hid_sc_minimize.htm">
      <Filter>HTML Help Topics</Filter>
    </None>
    <None Include="Help\hid_sc_move.htm">
      <Filter>HTML Help Topics</Filter>
    </None>
    <None Include="Help\hid_sc_nextwindow.htm">
      <Filter>HTML Help Topics</Filter>
    </None>
    <None Include="Help\hid_sc_prevwindow.htm">
      <Filter>HTML Help Topics</Filter>
    </None>
    <None Include="Help\hid_sc_restore.htm">
      <Filter>HTML Help Topics</Filter>
    </None>
    <None Include="Help\hid_sc_size.htm">
      <Filter>HTML Help Topics</Filter>
    </None>
    <None Include="Help\hid_sc_tasklist.htm">
      <Filter>HTML Help Topics</Filter>
    </None>
    <None Include="Help\hid_view_ruler.htm">
      <Filter>HTML Help Topics</Filter>
    </None>
    <None Include="Help\hid_view_status_bar.htm">
      <Filter>HTML Help Topics</Filter>
    </None>
    <None Include="Help\hid_view_toolbar.htm">
      <Filter>HTML Help Topics</Filter>
    </None>
    <None Include="Help\hid_window_all.htm">
      <Filter>HTML Help Topics</Filter>
    </None>
    <None Include="Help\hid_window_arrange.htm">
      <Filter>HTML Help Topics</Filter>
    </None>
    <None Include="Help\hid_window_cascade.htm">
      <Filter>HTML Help Topics</Filter>
    </None>
    <None Include="Help\hid_window_new.htm">
      <Filter>HTML Help Topics</Filter>
    </None>
    <None Include="Help\hid_window_split.htm">
      <Filter>HTML Help Topics</Filter>
    </None>
    <None Include="Help\hid_window_tile.htm">
      <Filter>HTML Help Topics</Filter>
    </None>
    <None Include="Help\hid_window_tile_horz.htm">
      <Filter>HTML Help Topics</Filter>
    </None>
    <None Include="Help\hid_window_tile_vert.htm">
      <Filter>HTML Help Topics</Filter>
    </None>
    <None Include="Help\main_index.htm">
      <Filter>HTML Help Topics</Filter>
    </None>
    <None Include="Help\menu_edit.htm">
      <Filter>HTML Help Topics</Filter>
    </None>
    <None Include="Help\menu_file.htm">
      <Filter>HTML Help Topics</Filter>
    </None>
    <None Include="Help\menu_help.htm">
      <Filter>HTML Help Topics</Filter>
    </None>
    <None Include="Help\menu_view.htm">
      <Filter>HTML Help Topics</Filter>
    </None>
    <None Include="Help\menu_window.htm">
      <Filter>HTML Help Topics</Filter>
    </None>
    <None Include="Help\scrollbars.htm">
      <Filter>HTML Help Topics</Filter>
    </None>
    <None Include="dbWaveHelp_style.css">
      <Filter>HTML Help Topics</Filter>
    </None>
    <None Include="Help\Images\About_dbWave.jpg">
      <Filter>HTML Help Topics\images</Filter>
    </None>
    <None Include="Help\Images\dbwave.jpg">
      <Filter>HTML Help Topics\images</Filter>
    </None>
    <None Include="Help\Images\dlg_newfile.jpg">
      <Filter>HTML Help Topics\images</Filter>
    </None>
    <None Include="Help\Images\file_open.jpg">
      <Filter>HTML Help Topics\images</Filter>
    </None>
    <None Include="Help\Images\idr_mainframe.jpg">
      <Filter>HTML Help Topics\images</Filter>
    </None>
    <None Include="Help\Images\onstart.jpg">
      <Filter>HTML Help Topics\images</Filter>
    </None>
    <None Include="Help\content_1_what_is_it_about.htm">
      <Filter>HTML Help Topics</Filter>
    </None>
    <None Include="Help\content_2_how_to.htm">
      <Filter>HTML Help Topics</Filter>
    </None>
    <None Include="Help\content_3_basic_concepts.htm">
      <Filter>HTML Help Topics</Filter>
    </None>
    <None Include="Help\content_4_dbWave reference.htm">
      <Filter>HTML Help Topics</Filter>
    </None>
    <None Include="Help\content_1_1datatranslation.htm">
      <Filter>HTML Help Topics</Filter>
    </None>
    <None Include="Help\content_1_2eventsdetection.htm">
      <Filter>HTML Help Topics</Filter>
    </None>
    <None Include="Help\content_2_1startfromscratch.htm">
      <Filter>HTML Help Topics</Filter>
    </None>
    <None Include="Help\content_2_2acquire_data.htm">
      <Filter>HTML Help Topics</Filter>
    </None>
    <None Include="Help\content_2_3import_data.htm">
      <Filter>HTML Help Topics</Filter>
    </None>
    <None Include="Help\content_2_4detectspikes.htm">
      <Filter>HTML Help Topics</Filter>
    </None>
    <None Include="Help\content_2_5sortspikes_by_amplitude.htm">
      <Filter>HTML Help Topics</Filter>
    </None>
    <None Include="Help\content_2_6sortmanually.htm">
      <Filter>HTML Help Topics</Filter>
    </None>
    <None Include="Help\content_2_7exportspikes.htm">
      <Filter>HTML Help Topics</Filter>
    </None>
    <None Include="Help\content_3_1datafile.htm">
      <Filter>HTML Help Topics</Filter>
    </None>
    <None Include="Help\content_3_2spikefiles.htm">
      <Filter>HTML Help Topics</Filter>
    </None>
    <None Include="Help\content_3_3database_mdb.htm">
      <Filter>HTML Help Topics</Filter>
    </None>
    <None Include="Help\content_3_4projectfile.htm">
      <Filter>HTML Help Topics</Filter>
    </None>
    <None Include="Help\content_2_0installdbwave.htm">
      <Filter>HTML Help Topics</Filter>
    </None>
    <None Include="Help\Images\installdbwave_files0.jpg">
      <Filter>HTML Help Topics\images</Filter>
    </None>
    <None Include="Help\Images\installdbwave_dtopenlayers.jpg">
      <Filter>HTML Help Topics\images</Filter>
    </None>
    <None Include="Help\Images\installdbwave_menu.jpg">
      <Filter>HTML Help Topics\images</Filter>
    </None>
    <None Include="Help\content_2_1startfromscratch_7.htm">
      <Filter>HTML Help Topics</Filter>
    </None>
    <None Include="Help\content_2_1startfromscratch_1.htm">
      <Filter>HTML Help Topics</Filter>
    </None>
    <None Include="Help\content_2_1startfromscratch_2.htm">
      <Filter>HTML Help Topics</Filter>
    </None>
    <None Include="Help\content_2_1startfromscratch_3.htm">
      <Filter>HTML Help Topics</Filter>
    </None>
    <None Include="Help\content_2_1startfromscratch_4.htm">
      <Filter>HTML Help Topics</Filter>
    </None>
    <None Include="Help\content_2_1startfromscratch_5.htm">
      <Filter>HTML Help Topics</Filter>
    </None>
    <None Include="Help\content_2_1startfromscratch_6.htm">
      <Filter>HTML Help Topics</Filter>
    </None>
    <None Include="Help\Images\scratch_amplifiersettings.jpg">
      <Filter>HTML Help Topics\images</Filter>
    </None>
    <None Include="Help\Images\scratch_band2.jpg">
      <Filter>HTML Help Topics\images</Filter>
    </None>
    <None Include="Help\Images\scratch_samplingmode.jpg">
      <Filter>HTML Help Topics\images</Filter>
    </None>
    <None Include="Help\Images\scratch_savefileas.jpg">
      <Filter>HTML Help Topics\images</Filter>
    </None>
    <None Include="Help\Images\scratch_screeen0.jpg">
      <Filter>HTML Help Topics\images</Filter>
    </None>
    <None Include="Help\Images\scratch_screen1.jpg">
      <Filter>HTML Help Topics\images</Filter>
    </None>
    <None Include="Help\Images\scratch_upperpanel.jpg">
      <Filter>HTML Help Topics\images</Filter>
    </None>
    <None Include="Help\Images\scratch_voila.jpg">
      <Filter>HTML Help Topics\images</Filter>
    </None>
    <None Include="Help\Images\scratch_acquisition.jpg">
      <Filter>HTML Help Topics\images</Filter>
    </None>
    <None Include="Help\Images\scratch_validate_record.jpg">
      <Filter>HTML Help Topics\images</Filter>
    </None>
    <None Include="Help\content_3_5parameterfile.htm">
      <Filter>HTML Help Topics</Filter>
    </None>
    <None Include="res\sort.bmp">
      <Filter>Resource Files</Filter>
    </None>
    <None Include="res\properties.bmp">
      <Filter>Resource Files</Filter>
    </None>
    <None Include="res\menuimages.bmp">
      <Filter>Resource Files</Filter>
    </None>
    <None Include="res\Toolbar256.bmp">
      <Filter>Resource Files</Filter>
    </None>
    <None Include="res\explorer.bmp">
      <Filter>Resource Files</Filter>
    </None>
    <None Include="Help\hidr_mainframe.htm">
      <Filter>HTML Help Topics</Filter>
    </None>
    <None Include="Help\hidr_projecttype.htm">
      <Filter>HTML Help Topics</Filter>
    </None>
    <None Include="Help\hidr_dbdatatype.htm">
      <Filter>HTML Help Topics</Filter>
    </None>
    <None Include="Help\hidr_dbspiketype.htm">
      <Filter>HTML Help Topics</Filter>
    </None>
    <None Include="Help\hidr_dbwavetype.htm">
      <Filter>HTML Help Topics</Filter>
    </None>
    <None Include="Help\hidd_abcissa.htm">
      <Filter>HTML Help Topics</Filter>
    </None>
    <None Include="Help\hidd_aboutbox.htm">
      <Filter>HTML Help Topics</Filter>
    </None>
    <None Include="Help\hidd_ad_experiment.htm">
      <Filter>HTML Help Topics</Filter>
    </None>
    <None Include="Help\hidd_ad_inputparmsdlg.htm">
      <Filter>HTML Help Topics</Filter>
    </None>
    <None Include="Help\HIDD_AD_INTERVALS.htm">
      <Filter>HTML Help Topics</Filter>
    </None>
    <None Include="Help\HIDD_BROWSEFILE.htm">
      <Filter>HTML Help Topics</Filter>
    </None>
    <None Include="Help\HIDD_BROWSEFILE_DETECT.htm">
      <Filter>HTML Help Topics</Filter>
    </None>
    <None Include="Help\HIDD_CONFIRMDIALOG.htm">
      <Filter>HTML Help Topics</Filter>
    </None>
    <None Include="Help\HIDD_COPYAS.htm">
      <Filter>HTML Help Topics</Filter>
    </None>
    <None Include="Help\HIDD_DA_CHANNELS.htm">
      <Filter>HTML Help Topics</Filter>
    </None>
    <None Include="Help\HIDD_DA_MSEQ.htm">
      <Filter>HTML Help Topics</Filter>
    </None>
    <None Include="Help\HIDD_DA_NOISE.htm">
      <Filter>HTML Help Topics</Filter>
    </None>
    <None Include="Help\HIDD_DA_PARAMETERS.htm">
      <Filter>HTML Help Topics</Filter>
    </None>
    <None Include="Help\HIDD_DATACOMMENTS.htm">
      <Filter>HTML Help Topics</Filter>
    </None>
    <None Include="Help\HIDD_DATASERIES.htm">
      <Filter>HTML Help Topics</Filter>
    </None>
    <None Include="Help\HIDD_DATASERIESFORMAT.htm">
      <Filter>HTML Help Topics</Filter>
    </None>
    <None Include="Help\HIDD_DBREPLACETEXT.htm">
      <Filter>HTML Help Topics</Filter>
    </None>
    <None Include="Help\HIDD_DBUPDATELINKEDTABLE.htm">
      <Filter>HTML Help Topics</Filter>
    </None>
    <None Include="Help\HIDD_DEFINEARTEFACTSLIMITS.htm">
      <Filter>HTML Help Topics</Filter>
    </None>
    <None Include="Help\HIDD_DELRECORDOPTIONS.htm">
      <Filter>HTML Help Topics</Filter>
    </None>
    <None Include="Help\HIDD_EDITLISTDLG.htm">
      <Filter>HTML Help Topics</Filter>
    </None>
    <None Include="Help\HIDD_EDITRECORDDLG.htm">
      <Filter>HTML Help Topics</Filter>
    </None>
    <None Include="Help\HIDD_EDITSPIKE.htm">
      <Filter>HTML Help Topics</Filter>
    </None>
    <None Include="Help\HIDD_EDITSPIKECLASS.htm">
      <Filter>HTML Help Topics</Filter>
    </None>
    <None Include="Help\HIDD_EDITSTIMULUS.htm">
      <Filter>HTML Help Topics</Filter>
    </None>
    <None Include="Help\HIDD_ERASEFILEDLG.htm">
      <Filter>HTML Help Topics</Filter>
    </None>
    <None Include="Help\HIDD_EXPORTDATAFILE.htm">
      <Filter>HTML Help Topics</Filter>
    </None>
    <None Include="Help\HIDD_EXPORTSPIKEINFOS.htm">
      <Filter>HTML Help Topics</Filter>
    </None>
    <None Include="Help\HIDD_FINDFILES.htm">
      <Filter>HTML Help Topics</Filter>
    </None>
    <None Include="Help\HIDD_GOTORECORDID.htm">
      <Filter>HTML Help Topics</Filter>
    </None>
    <None Include="Help\HIDD_HIISTOGRAMPARAMETERS.htm">
      <Filter>HTML Help Topics</Filter>
    </None>
    <None Include="Help\HIDD_IMPORTFILESDLG.htm">
      <Filter>HTML Help Topics</Filter>
    </None>
    <None Include="Help\HIDD_IMPORTGENERICDATAFILE.htm">
      <Filter>HTML Help Topics</Filter>
    </None>
    <None Include="Help\HIDD_IMPORTOPTIONS.htm">
      <Filter>HTML Help Topics</Filter>
    </None>
    <None Include="Help\HIDD_LISTBCLAPARAMETERS.htm">
      <Filter>HTML Help Topics</Filter>
    </None>
    <None Include="Help\HIDD_LOADSAVEOPTIONS.htm">
      <Filter>HTML Help Topics</Filter>
    </None>
    <None Include="Help\HIDD_ORDINATES.htm">
      <Filter>HTML Help Topics</Filter>
    </None>
    <None Include="Help\HIDD_PRINTDATACOMMENTSOPTIONS.htm">
      <Filter>HTML Help Topics</Filter>
    </None>
    <None Include="Help\HIDD_PRINTDATADRAWOPTIONS.htm">
      <Filter>HTML Help Topics</Filter>
    </None>
    <None Include="Help\HIDD_PRINTDRAWAREA.htm">
      <Filter>HTML Help Topics</Filter>
    </None>
    <None Include="Help\HIDD_PRINTMARGINS.htm">
      <Filter>HTML Help Topics</Filter>
    </None>
    <None Include="Help\HIDD_PRINTPAGEMARGINS.htm">
      <Filter>HTML Help Topics</Filter>
    </None>
    <None Include="Help\HIDD_PROGRESS.htm">
      <Filter>HTML Help Topics</Filter>
    </None>
    <None Include="Help\HIDD_PROPPAGE1.htm">
      <Filter>HTML Help Topics</Filter>
    </None>
    <None Include="Help\HIDD_PROPPAGE2.htm">
      <Filter>HTML Help Topics</Filter>
    </None>
    <None Include="Help\HIDD_PROPPAGE3.htm">
      <Filter>HTML Help Topics</Filter>
    </None>
    <None Include="Help\HIDD_PROPPAGE4.htm">
      <Filter>HTML Help Topics</Filter>
    </None>
    <None Include="Help\HIDD_SCOPEPROPERTIES.htm">
      <Filter>HTML Help Topics</Filter>
    </None>
    <None Include="Help\HIDD_SPKDETECTPARM.htm">
      <Filter>HTML Help Topics</Filter>
    </None>
    <None Include="Help\HIDD_STATICLEFT.htm">
      <Filter>HTML Help Topics</Filter>
    </None>
    <None Include="Help\HIDD_STATICLEFT2.htm">
      <Filter>HTML Help Topics</Filter>
    </None>
    <None Include="Help\HIDD_STATICRIGHT2.htm">
      <Filter>HTML Help Topics</Filter>
    </None>
    <None Include="Help\HIDD_VIEWADCONTINUOUS.htm">
      <Filter>HTML Help Topics</Filter>
    </None>
    <None Include="Help\HIDD_VIEWBROWSE.htm">
      <Filter>HTML Help Topics</Filter>
    </None>
    <None Include="Help\HIDD_VIEWDATA.htm">
      <Filter>HTML Help Topics</Filter>
    </None>
    <None Include="Help\HIDD_VIEWDBWAVE.htm">
      <Filter>HTML Help Topics</Filter>
    </None>
    <None Include="Help\HIDD_VIEWPANELEFT1.htm">
      <Filter>HTML Help Topics</Filter>
    </None>
    <None Include="Help\HIDD_VIEWSPIKES.htm">
      <Filter>HTML Help Topics</Filter>
    </None>
    <None Include="Help\HIDD_VIEWSPKDETECTION.htm">
      <Filter>HTML Help Topics</Filter>
    </None>
    <None Include="Help\HIDD_VIEWSPKSORT1.htm">
      <Filter>HTML Help Topics</Filter>
    </None>
    <None Include="Help\HIDD_VIEWSPKTEMPLATES.htm">
      <Filter>HTML Help Topics</Filter>
    </None>
    <None Include="Help\HIDD_VIEWSPKTIMESERIES.htm">
      <Filter>HTML Help Topics</Filter>
    </None>
    <None Include="Help\HIDD_XYPARAMETERS.htm">
      <Filter>HTML Help Topics</Filter>
    </None>
    <None Include="Help\HIDD_DUPLICATEFOUND.htm">
      <Filter>HTML Help Topics</Filter>
    </None>
    <None Include="Help\content_1_3recordsignals.htm">
      <Filter>HTML Help Topics</Filter>
    </None>
    <None Include="hid_file_close.htm">
      <Filter>HTML Help Topics</Filter>
    </None>
    <None Include="hid_file_print_setup.htm">
      <Filter>HTML Help Topics</Filter>
    </None>
    <None Include="Help\hid_record_first.htm">
      <Filter>HTML Help Topics</Filter>
    </None>
    <None Include="Help\hid_record_prev.htm">
      <Filter>HTML Help Topics</Filter>
    </None>
    <None Include="Help\hid_format_alldata.htm">
      <Filter>HTML Help Topics</Filter>
    </None>
    <None Include="Help\hid_format_centercurve.htm">
      <Filter>HTML Help Topics</Filter>
    </None>
    <None Include="Help\hid_format_copysettingstoall.htm">
      <Filter>HTML Help Topics</Filter>
    </None>
    <None Include="Help\hid_format_dataseriesattributes.htm">
      <Filter>HTML Help Topics</Filter>
    </None>
    <None Include="Help\hid_format_firstframe.htm">
      <Filter>HTML Help Topics</Filter>
    </None>
    <None Include="Help\hid_format_gainadjust.htm">
      <Filter>HTML Help Topics</Filter>
    </None>
    <None Include="Help\hid_format_lastframe.htm">
      <Filter>HTML Help Topics</Filter>
    </None>
    <None Include="Help\hid_format_ordinates.htm">
      <Filter>HTML Help Topics</Filter>
    </None>
    <None Include="Help\hid_format_splitcurves.htm">
      <Filter>HTML Help Topics</Filter>
    </None>
    <None Include="Help\hid_format_xscale.htm">
      <Filter>HTML Help Topics</Filter>
    </None>
    <None Include="Help\hid_hardware_adchannels.htm">
      <Filter>HTML Help Topics</Filter>
    </None>
    <None Include="Help\hid_hardware_defineexperiment.htm">
      <Filter>HTML Help Topics</Filter>
    </None>
    <None Include="Help\hid_hardware_intervals.htm">
      <Filter>HTML Help Topics</Filter>
    </None>
    <None Include="Help\hid_options_browsemode.htm">
      <Filter>HTML Help Topics</Filter>
    </None>
    <None Include="Help\hid_options_loadsave.htm">
      <Filter>HTML Help Topics</Filter>
    </None>
    <None Include="Help\hid_options_printmargins.htm">
      <Filter>HTML Help Topics</Filter>
    </None>
    <None Include="Help\hid_record_delete.htm">
      <Filter>HTML Help Topics</Filter>
    </None>
    <None Include="Help\hid_record_last.htm">
      <Filter>HTML Help Topics</Filter>
    </None>
    <None Include="Help\hid_record_next.htm">
      <Filter>HTML Help Topics</Filter>
    </None>
    <None Include="Help\hid_tools_dataseries.htm">
      <Filter>HTML Help Topics</Filter>
    </None>
    <None Include="Help\hid_tools_detectionoption.htm">
      <Filter>HTML Help Topics</Filter>
    </None>
    <None Include="Help\hid_tools_detectionparameters.htm">
      <Filter>HTML Help Topics</Filter>
    </None>
    <None Include="Help\hid_tools_detectspikes.htm">
      <Filter>HTML Help Topics</Filter>
    </None>
    <None Include="Help\hid_tools_editstimulus.htm">
      <Filter>HTML Help Topics</Filter>
    </None>
    <None Include="Help\hid_tools_edittransformspikes.htm">
      <Filter>HTML Help Topics</Filter>
    </None>
    <None Include="Help\hid_tools_exportdatacomments.htm">
      <Filter>HTML Help Topics</Filter>
    </None>
    <None Include="Help\hid_tools_exportnumberofspikes.htm">
      <Filter>HTML Help Topics</Filter>
    </None>
    <None Include="Help\hid_tools_horizontalcursors.htm">
      <Filter>HTML Help Topics</Filter>
    </None>
    <None Include="Help\hid_tools_measure.htm">
      <Filter>HTML Help Topics</Filter>
    </None>
    <None Include="Help\hid_tools_measuremode.htm">
      <Filter>HTML Help Topics</Filter>
    </None>
    <None Include="Help\hid_tools_stimulusdetectionparameters.htm">
      <Filter>HTML Help Topics</Filter>
    </None>
    <None Include="Help\hid_tools_verticaltags.htm">
      <Filter>HTML Help Topics</Filter>
    </None>
    <None Include="Help\hid_view_acquiredata.htm">
      <Filter>HTML Help Topics</Filter>
    </None>
    <None Include="Help\hid_view_cursormode_measure.htm">
      <Filter>HTML Help Topics</Filter>
    </None>
    <None Include="Help\hid_view_cursormode_normal.htm">
      <Filter>HTML Help Topics</Filter>
    </None>
    <None Include="Help\hid_view_cursormode_zoomin.htm">
      <Filter>HTML Help Topics</Filter>
    </None>
    <None Include="Help\hid_view_database.htm">
      <Filter>HTML Help Topics</Filter>
    </None>
    <None Include="Help\hid_view_datafile.htm">
      <Filter>HTML Help Topics</Filter>
    </None>
    <None Include="Help\hid_view_spikedetection.htm">
      <Filter>HTML Help Topics</Filter>
    </None>
    <None Include="Help\hid_view_spikedisplay.htm">
      <Filter>HTML Help Topics</Filter>
    </None>
    <None Include="Help\hid_view_spikesortingamplitude.htm">
      <Filter>HTML Help Topics</Filter>
    </None>
    <None Include="Help\hid_view_spikesortingtemplates.htm">
      <Filter>HTML Help Topics</Filter>
    </None>
    <None Include="Help\hid_view_spikestimeseries.htm">
      <Filter>HTML Help Topics</Filter>
    </None>
    <None Include="Help\hidd_file_new.htm">
      <Filter>HTML Help Topics</Filter>
    </None>
    <None Include="Help\hid_file_print_preview.htm">
      <Filter>HTML Help Topics</Filter>
    </None>
    <None Include="Help\hid_file_print.htm">
      <Filter>HTML Help Topics</Filter>
    </None>
    <None Include="Help\hid_tools_transferfiles.htm">
      <Filter>HTML Help Topics</Filter>
    </None>
    <None Include="Help\hidd_transferfiles.htm">
      <Filter>HTML Help Topics</Filter>
    </None>
    <None Include="Help\hid_tools_exportdataastext.htm">
      <Filter>HTML Help Topics</Filter>
    </None>
    <None Include="Help\hid_tools_exportdatafile.htm">
      <Filter>HTML Help Topics</Filter>
    </None>
    <None Include="resource.hm">
      <Filter>Header Files</Filter>
    </None>
    <None Include="packages.config" />
    <None Include="dbWave2.vcproj" />
    <None Include="..\README.md" />
    <None Include="res\ribbon1.mfcribbon-ms">
      <Filter>Resource Files</Filter>
    </None>
    <None Include="Help\dbWave2.chw">
      <Filter>HTML Help Topics</Filter>
    </None>
    <None Include="Help\dbWave2.hhc">
      <Filter>HTML Help Topics</Filter>
    </None>
    <None Include="Help\dbWave2.hhk">
      <Filter>HTML Help Topics</Filter>
    </None>
    <None Include="Help\dbWave2.hhp">
      <Filter>HTML Help Topics</Filter>
    </None>
  </ItemGroup>
  <ItemGroup>
    <ResourceCompile Include="dbWave.rc">
      <Filter>Source Files</Filter>
    </ResourceCompile>
  </ItemGroup>
  <ItemGroup>
    <CustomBuild Include="Resource.h">
      <Filter>Header Files</Filter>
    </CustomBuild>
  </ItemGroup>
  <ItemGroup>
    <Image Include="res\info.bmp">
      <Filter>Resource Files</Filter>
    </Image>
    <Image Include="res\menuimages_hc.bmp">
      <Filter>Resource Files</Filter>
    </Image>
    <Image Include="res\fileview.bmp">
      <Filter>Resource Files</Filter>
    </Image>
    <Image Include="res\fileview_hc.bmp">
      <Filter>Resource Files</Filter>
    </Image>
    <Image Include="res\classview.bmp">
      <Filter>Resource Files</Filter>
    </Image>
    <Image Include="res\classview_hc.bmp">
      <Filter>Resource Files</Filter>
    </Image>
    <Image Include="res\explorer_hc.bmp">
      <Filter>Resource Files</Filter>
    </Image>
    <Image Include="res\sort_hc.bmp">
      <Filter>Resource Files</Filter>
    </Image>
    <Image Include="res\class_view.ico">
      <Filter>Resource Files</Filter>
    </Image>
    <Image Include="res\class_view_hc.ico">
      <Filter>Resource Files</Filter>
    </Image>
    <Image Include="res\file_view.ico">
      <Filter>Resource Files</Filter>
    </Image>
    <Image Include="res\file_view_hc.ico">
      <Filter>Resource Files</Filter>
    </Image>
    <Image Include="res\pages.bmp">
      <Filter>Resource Files</Filter>
    </Image>
    <Image Include="res\pages_hc.bmp">
      <Filter>Resource Files</Filter>
    </Image>
    <Image Include="res\pages_small.bmp">
      <Filter>Resource Files</Filter>
    </Image>
    <Image Include="res\pages_small_hc.bmp">
      <Filter>Resource Files</Filter>
    </Image>
    <Image Include="res\properties_hc.bmp">
      <Filter>Resource Files</Filter>
    </Image>
    <Image Include="res\properties_wnd.ico">
      <Filter>Resource Files</Filter>
    </Image>
    <Image Include="res\properties_wnd_hc.ico">
      <Filter>Resource Files</Filter>
    </Image>
    <Image Include="res\buttons.bmp">
      <Filter>Resource Files</Filter>
    </Image>
    <Image Include="res\Databaselarge.bmp">
      <Filter>Resource Files</Filter>
    </Image>
    <Image Include="res\Databasesmall.bmp">
      <Filter>Resource Files</Filter>
    </Image>
    <Image Include="res\Datalarge.bmp">
      <Filter>Resource Files</Filter>
    </Image>
    <Image Include="res\Datasmall.bmp">
      <Filter>Resource Files</Filter>
    </Image>
    <Image Include="res\Displaylarge.bmp">
      <Filter>Resource Files</Filter>
    </Image>
    <Image Include="res\Displaysmall.bmp">
      <Filter>Resource Files</Filter>
    </Image>
    <Image Include="res\filelarge.bmp">
      <Filter>Resource Files</Filter>
    </Image>
    <Image Include="res\filesmall.bmp">
      <Filter>Resource Files</Filter>
    </Image>
    <Image Include="res\main.bmp">
      <Filter>Resource Files</Filter>
    </Image>
    <Image Include="res\NavigationLarge.bmp">
      <Filter>Resource Files</Filter>
    </Image>
    <Image Include="res\NavigationSmall.bmp">
      <Filter>Resource Files</Filter>
    </Image>
    <Image Include="res\optionslarge.bmp">
      <Filter>Resource Files</Filter>
    </Image>
    <Image Include="res\optionssmall.bmp">
      <Filter>Resource Files</Filter>
    </Image>
    <Image Include="res\Spikeslarge.bmp">
      <Filter>Resource Files</Filter>
    </Image>
    <Image Include="res\Spikessmall.bmp">
      <Filter>Resource Files</Filter>
    </Image>
    <Image Include="res\writelarge.bmp">
      <Filter>Resource Files</Filter>
    </Image>
    <Image Include="res\writesmall.bmp">
      <Filter>Resource Files</Filter>
    </Image>
    <Image Include="res\toolbar_spk256.bmp">
      <Filter>Resource Files</Filter>
    </Image>
    <Image Include="res\toolbar1.bmp">
      <Filter>Resource Files</Filter>
    </Image>
    <Image Include="res\toolbar_dat256.bmp">
      <Filter>Resource Files</Filter>
    </Image>
  </ItemGroup>
</Project>