
Microsoft Visual Studio Solution File, Format Version 12.00
# Visual Studio 14
VisualStudioVersion = 14.0.25123.0
MinimumVisualStudioVersion = 10.0.40219.1
Project("{8BC9CEB8-8B4A-11D0-8D11-00A0C91BC942}") = "dbWave", "dbWave.vcxproj", "{7BC96351-C033-4F7B-B77C-93054AA5D31A}"
EndProject
Project("{54435603-DBB4-11D2-8724-00A0C9A8B90C}") = "Setup", "..\Setup\Setup.vdproj", "{3EC7B9C9-A64E-4ADE-ACE2-6B76A7F1214C}"
EndProject
Global
	GlobalSection(SolutionConfigurationPlatforms) = preSolution
		CD_ROM|Win32 = CD_ROM|Win32
		Debug|Win32 = Debug|Win32
		DVD-5|Win32 = DVD-5|Win32
		Release|Win32 = Release|Win32
		SingleImage|Win32 = SingleImage|Win32
	EndGlobalSection
	GlobalSection(ProjectConfigurationPlatforms) = postSolution
		{7BC96351-C033-4F7B-B77C-93054AA5D31A}.CD_ROM|Win32.ActiveCfg = Template|Win32
		{7BC96351-C033-4F7B-B77C-93054AA5D31A}.CD_ROM|Win32.Build.0 = Template|Win32
		{7BC96351-C033-4F7B-B77C-93054AA5D31A}.Debug|Win32.ActiveCfg = Debug|Win32
		{7BC96351-C033-4F7B-B77C-93054AA5D31A}.Debug|Win32.Build.0 = Debug|Win32
		{7BC96351-C033-4F7B-B77C-93054AA5D31A}.Debug|Win32.Deploy.0 = Debug|Win32
		{7BC96351-C033-4F7B-B77C-93054AA5D31A}.DVD-5|Win32.ActiveCfg = Debug|Win32
		{7BC96351-C033-4F7B-B77C-93054AA5D31A}.DVD-5|Win32.Build.0 = Debug|Win32
		{7BC96351-C033-4F7B-B77C-93054AA5D31A}.Release|Win32.ActiveCfg = Release|Win32
		{7BC96351-C033-4F7B-B77C-93054AA5D31A}.Release|Win32.Build.0 = Release|Win32
		{7BC96351-C033-4F7B-B77C-93054AA5D31A}.SingleImage|Win32.ActiveCfg = Template|Win32
		{7BC96351-C033-4F7B-B77C-93054AA5D31A}.SingleImage|Win32.Build.0 = Template|Win32
		{3EC7B9C9-A64E-4ADE-ACE2-6B76A7F1214C}.CD_ROM|Win32.ActiveCfg = Release
		{3EC7B9C9-A64E-4ADE-ACE2-6B76A7F1214C}.Debug|Win32.ActiveCfg = Debug
		{3EC7B9C9-A64E-4ADE-ACE2-6B76A7F1214C}.Debug|Win32.Build.0 = Debug
		{3EC7B9C9-A64E-4ADE-ACE2-6B76A7F1214C}.DVD-5|Win32.ActiveCfg = Debug
		{3EC7B9C9-A64E-4ADE-ACE2-6B76A7F1214C}.Release|Win32.ActiveCfg = Release
		{3EC7B9C9-A64E-4ADE-ACE2-6B76A7F1214C}.SingleImage|Win32.ActiveCfg = Release
	EndGlobalSection
	GlobalSection(SolutionProperties) = preSolution
		HideSolutionNode = FALSE
	EndGlobalSection
EndGlobal
