Microsoft Visual Studio Solution File, Format Version 12.00
# Visual Studio Version 16
VisualStudioVersion = 16.0.30413.136
MinimumVisualStudioVersion = 10.0.40219.1
Project("{8BC9CEB8-8B4A-11D0-8D11-00A0C91BC942}") = "dbWave2", "dbWave2\dbWave2.vcxproj", "{7BC96351-C033-4F7B-B77C-93054AA5D31A}"
EndProject
Global
	GlobalSection(SolutionConfigurationPlatforms) = preSolution
		All|ARM = All|ARM
		All|Win32 = All|Win32
		All|x64 = All|x64
		CD_ROM|ARM = CD_ROM|ARM
		CD_ROM|Win32 = CD_ROM|Win32
		CD_ROM|x64 = CD_ROM|x64
		Debug|ARM = Debug|ARM
		Debug|Win32 = Debug|Win32
		Debug|x64 = Debug|x64
		DVD-5|ARM = DVD-5|ARM
		DVD-5|Win32 = DVD-5|Win32
		DVD-5|x64 = DVD-5|x64
		Release|ARM = Release|ARM
		Release|Win32 = Release|Win32
		Release|x64 = Release|x64
		SingleImage|ARM = SingleImage|ARM
		SingleImage|Win32 = SingleImage|Win32
		SingleImage|x64 = SingleImage|x64
	EndGlobalSection
	GlobalSection(ProjectConfigurationPlatforms) = postSolution
		{7BC96351-C033-4F7B-B77C-93054AA5D31A}.All|ARM.ActiveCfg = Template|ARM
		{7BC96351-C033-4F7B-B77C-93054AA5D31A}.All|ARM.Build.0 = Template|ARM
		{7BC96351-C033-4F7B-B77C-93054AA5D31A}.All|Win32.ActiveCfg = Release|Win32
		{7BC96351-C033-4F7B-B77C-93054AA5D31A}.All|Win32.Build.0 = Release|Win32
		{7BC96351-C033-4F7B-B77C-93054AA5D31A}.All|x64.ActiveCfg = Template|x64
		{7BC96351-C033-4F7B-B77C-93054AA5D31A}.All|x64.Build.0 = Template|x64
		{7BC96351-C033-4F7B-B77C-93054AA5D31A}.CD_ROM|ARM.ActiveCfg = Debug|ARM
		{7BC96351-C033-4F7B-B77C-93054AA5D31A}.CD_ROM|ARM.Build.0 = Debug|ARM
		{7BC96351-C033-4F7B-B77C-93054AA5D31A}.CD_ROM|Win32.ActiveCfg = Template|Win32
		{7BC96351-C033-4F7B-B77C-93054AA5D31A}.CD_ROM|Win32.Build.0 = Template|Win32
		{7BC96351-C033-4F7B-B77C-93054AA5D31A}.CD_ROM|x64.ActiveCfg = Debug|x64
		{7BC96351-C033-4F7B-B77C-93054AA5D31A}.CD_ROM|x64.Build.0 = Debug|x64
		{7BC96351-C033-4F7B-B77C-93054AA5D31A}.Debug|ARM.ActiveCfg = Debug|ARM
		{7BC96351-C033-4F7B-B77C-93054AA5D31A}.Debug|ARM.Build.0 = Debug|ARM
		{7BC96351-C033-4F7B-B77C-93054AA5D31A}.Debug|Win32.ActiveCfg = Debug|Win32
		{7BC96351-C033-4F7B-B77C-93054AA5D31A}.Debug|Win32.Build.0 = Debug|Win32
		{7BC96351-C033-4F7B-B77C-93054AA5D31A}.Debug|Win32.Deploy.0 = Debug|Win32
		{7BC96351-C033-4F7B-B77C-93054AA5D31A}.Debug|x64.ActiveCfg = Debug|x64
		{7BC96351-C033-4F7B-B77C-93054AA5D31A}.Debug|x64.Build.0 = Debug|x64
		{7BC96351-C033-4F7B-B77C-93054AA5D31A}.DVD-5|ARM.ActiveCfg = Debug|ARM
		{7BC96351-C033-4F7B-B77C-93054AA5D31A}.DVD-5|ARM.Build.0 = Debug|ARM
		{7BC96351-C033-4F7B-B77C-93054AA5D31A}.DVD-5|Win32.ActiveCfg = Debug|Win32
		{7BC96351-C033-4F7B-B77C-93054AA5D31A}.DVD-5|Win32.Build.0 = Debug|Win32
		{7BC96351-C033-4F7B-B77C-93054AA5D31A}.DVD-5|x64.ActiveCfg = Debug|x64
		{7BC96351-C033-4F7B-B77C-93054AA5D31A}.DVD-5|x64.Build.0 = Debug|x64
		{7BC96351-C033-4F7B-B77C-93054AA5D31A}.Release|ARM.ActiveCfg = Release|ARM
		{7BC96351-C033-4F7B-B77C-93054AA5D31A}.Release|ARM.Build.0 = Release|ARM
		{7BC96351-C033-4F7B-B77C-93054AA5D31A}.Release|Win32.ActiveCfg = Release|Win32
		{7BC96351-C033-4F7B-B77C-93054AA5D31A}.Release|Win32.Build.0 = Release|Win32
		{7BC96351-C033-4F7B-B77C-93054AA5D31A}.Release|x64.ActiveCfg = Release|x64
		{7BC96351-C033-4F7B-B77C-93054AA5D31A}.Release|x64.Build.0 = Release|x64
		{7BC96351-C033-4F7B-B77C-93054AA5D31A}.SingleImage|ARM.ActiveCfg = Debug|ARM
		{7BC96351-C033-4F7B-B77C-93054AA5D31A}.SingleImage|ARM.Build.0 = Debug|ARM
		{7BC96351-C033-4F7B-B77C-93054AA5D31A}.SingleImage|Win32.ActiveCfg = Template|Win32
		{7BC96351-C033-4F7B-B77C-93054AA5D31A}.SingleImage|Win32.Build.0 = Template|Win32
		{7BC96351-C033-4F7B-B77C-93054AA5D31A}.SingleImage|x64.ActiveCfg = Debug|x64
		{7BC96351-C033-4F7B-B77C-93054AA5D31A}.SingleImage|x64.Build.0 = Debug|x64
	EndGlobalSection
	GlobalSection(SolutionProperties) = preSolution
		HideSolutionNode = FALSE
	EndGlobalSection
	GlobalSection(ExtensibilityGlobals) = postSolution
		SolutionGuid = {077C4EDA-2D87-477E-8903-7CF9284076B1}
	EndGlobalSection
EndGlobal
